
Microsoft Visual Studio Solution File, Format Version 12.00
# Visual Studio Version 16
VisualStudioVersion = 16.0.28809.33
MinimumVisualStudioVersion = 10.0.40219.1
Project("{2150E333-8FDC-42A3-9474-1A3956D46DE8}") = "CSharp", "CSharp", "{63A4B882-66D9-4D1E-A3AD-20AD55B27698}"
EndProject
Project("{2150E333-8FDC-42A3-9474-1A3956D46DE8}") = "FSharp", "FSharp", "{17E5B31A-86A8-4C7A-9A4D-999D52842AD4}"
EndProject
Project("{2150E333-8FDC-42A3-9474-1A3956D46DE8}") = "Shared", "Shared", "{CAB9DAC4-1AA0-4E71-9C2D-DAE4023BFCC6}"
EndProject
Project("{2150E333-8FDC-42A3-9474-1A3956D46DE8}") = "Web", "Web", "{B16ED689-9A8D-435E-8B4F-23BBE0394168}"
EndProject
Project("{9A19103F-16F7-4668-BE54-9A1E7A4F7556}") = "BitTorrentFileServer.Blazor", "..\CSharp\BitTorrentFileServer.Blazor\BitTorrentFileServer.Blazor.csproj", "{BA77D8BD-E251-4AFD-9125-DADA641F2FBE}"
EndProject
Project("{6EC3EE1D-3C4E-46DD-8F32-0CC8E7565705}") = "BitTorrentFileServer.Client", "..\FSharp\BitTorrentFileServer.Client\BitTorrentFileServer.Client.fsproj", "{1CCECF62-5B14-49A9-9C86-99724CB7EF64}"
EndProject
Project("{6EC3EE1D-3C4E-46DD-8F32-0CC8E7565705}") = "BitTorrentFileServer.Server", "..\FSharp\BitTorrentFileServer.Server\BitTorrentFileServer.Server.fsproj", "{40BB4D57-D120-4BB2-9888-915E125B8BA7}"
EndProject
Project("{6EC3EE1D-3C4E-46DD-8F32-0CC8E7565705}") = "BitTorrentFileServer.FSShared", "..\Shared\BitTorrentFileServer.FSShared\BitTorrentFileServer.FSShared.fsproj", "{A6CDC3C3-5E65-461E-953F-0750631202BE}"
EndProject
Project("{9A19103F-16F7-4668-BE54-9A1E7A4F7556}") = "BitTorrentFileServer.Angular", "..\Web\BitTorrentFileServer.Angular\BitTorrentFileServer.Angular.csproj", "{60052CD1-CD4E-428B-ACDD-A163051E5E2C}"
EndProject
Project("{9A19103F-16F7-4668-BE54-9A1E7A4F7556}") = "BitTorrentFileServer.Vue", "..\Web\BitTorrentFileServer.Vue\BitTorrentFileServer.Vue.csproj", "{23BD7DB8-F00D-4BB0-898D-955D0F252DDE}"
EndProject
Global
	GlobalSection(SolutionConfigurationPlatforms) = preSolution
		Debug|Any CPU = Debug|Any CPU
		Release|Any CPU = Release|Any CPU
	EndGlobalSection
	GlobalSection(ProjectConfigurationPlatforms) = postSolution
		{BA77D8BD-E251-4AFD-9125-DADA641F2FBE}.Debug|Any CPU.ActiveCfg = Debug|Any CPU
		{BA77D8BD-E251-4AFD-9125-DADA641F2FBE}.Debug|Any CPU.Build.0 = Debug|Any CPU
		{BA77D8BD-E251-4AFD-9125-DADA641F2FBE}.Release|Any CPU.ActiveCfg = Release|Any CPU
		{BA77D8BD-E251-4AFD-9125-DADA641F2FBE}.Release|Any CPU.Build.0 = Release|Any CPU
		{1CCECF62-5B14-49A9-9C86-99724CB7EF64}.Debug|Any CPU.ActiveCfg = Debug|Any CPU
		{1CCECF62-5B14-49A9-9C86-99724CB7EF64}.Debug|Any CPU.Build.0 = Debug|Any CPU
		{1CCECF62-5B14-49A9-9C86-99724CB7EF64}.Release|Any CPU.ActiveCfg = Release|Any CPU
		{1CCECF62-5B14-49A9-9C86-99724CB7EF64}.Release|Any CPU.Build.0 = Release|Any CPU
		{40BB4D57-D120-4BB2-9888-915E125B8BA7}.Debug|Any CPU.ActiveCfg = Debug|Any CPU
		{40BB4D57-D120-4BB2-9888-915E125B8BA7}.Debug|Any CPU.Build.0 = Debug|Any CPU
		{40BB4D57-D120-4BB2-9888-915E125B8BA7}.Release|Any CPU.ActiveCfg = Release|Any CPU
		{40BB4D57-D120-4BB2-9888-915E125B8BA7}.Release|Any CPU.Build.0 = Release|Any CPU
		{A6CDC3C3-5E65-461E-953F-0750631202BE}.Debug|Any CPU.ActiveCfg = Debug|Any CPU
		{A6CDC3C3-5E65-461E-953F-0750631202BE}.Debug|Any CPU.Build.0 = Debug|Any CPU
		{A6CDC3C3-5E65-461E-953F-0750631202BE}.Release|Any CPU.ActiveCfg = Release|Any CPU
		{A6CDC3C3-5E65-461E-953F-0750631202BE}.Release|Any CPU.Build.0 = Release|Any CPU
		{60052CD1-CD4E-428B-ACDD-A163051E5E2C}.Debug|Any CPU.ActiveCfg = Debug|Any CPU
		{60052CD1-CD4E-428B-ACDD-A163051E5E2C}.Debug|Any CPU.Build.0 = Debug|Any CPU
		{60052CD1-CD4E-428B-ACDD-A163051E5E2C}.Release|Any CPU.ActiveCfg = Release|Any CPU
		{60052CD1-CD4E-428B-ACDD-A163051E5E2C}.Release|Any CPU.Build.0 = Release|Any CPU
		{23BD7DB8-F00D-4BB0-898D-955D0F252DDE}.Debug|Any CPU.ActiveCfg = Debug|Any CPU
		{23BD7DB8-F00D-4BB0-898D-955D0F252DDE}.Debug|Any CPU.Build.0 = Debug|Any CPU
		{23BD7DB8-F00D-4BB0-898D-955D0F252DDE}.Release|Any CPU.ActiveCfg = Release|Any CPU
		{23BD7DB8-F00D-4BB0-898D-955D0F252DDE}.Release|Any CPU.Build.0 = Release|Any CPU
	EndGlobalSection
	GlobalSection(SolutionProperties) = preSolution
		HideSolutionNode = FALSE
	EndGlobalSection
	GlobalSection(NestedProjects) = preSolution
		{BA77D8BD-E251-4AFD-9125-DADA641F2FBE} = {63A4B882-66D9-4D1E-A3AD-20AD55B27698}
		{1CCECF62-5B14-49A9-9C86-99724CB7EF64} = {17E5B31A-86A8-4C7A-9A4D-999D52842AD4}
		{40BB4D57-D120-4BB2-9888-915E125B8BA7} = {17E5B31A-86A8-4C7A-9A4D-999D52842AD4}
		{A6CDC3C3-5E65-461E-953F-0750631202BE} = {CAB9DAC4-1AA0-4E71-9C2D-DAE4023BFCC6}
		{60052CD1-CD4E-428B-ACDD-A163051E5E2C} = {B16ED689-9A8D-435E-8B4F-23BBE0394168}
		{23BD7DB8-F00D-4BB0-898D-955D0F252DDE} = {B16ED689-9A8D-435E-8B4F-23BBE0394168}
	EndGlobalSection
	GlobalSection(ExtensibilityGlobals) = postSolution
		SolutionGuid = {2E6FAF13-BC6C-4B7D-B2AC-396597091310}
	EndGlobalSection
EndGlobal
