
Microsoft Visual Studio Solution File, Format Version 12.00
# Visual Studio Version 16
VisualStudioVersion = 16.0.28809.33
MinimumVisualStudioVersion = 15.0.26124.0
Project("{2150E333-8FDC-42A3-9474-1A3956D46DE8}") = "CSharp", "CSharp", "{BC920727-36BA-481C-AAC2-04D25E22CD91}"
EndProject
Project("{2150E333-8FDC-42A3-9474-1A3956D46DE8}") = "FSharp", "FSharp", "{693DFD6A-E42C-4471-AF6C-E8FE4C2CE745}"
EndProject
Project("{2150E333-8FDC-42A3-9474-1A3956D46DE8}") = "Shared", "Shared", "{7C7D2D9A-B8C7-483E-83F1-20FD8656A63A}"
EndProject
Project("{2150E333-8FDC-42A3-9474-1A3956D46DE8}") = "Web", "Web", "{7FE6ACF9-D344-448B-ACD6-5A52F0B691E4}"
EndProject
Project("{9A19103F-16F7-4668-BE54-9A1E7A4F7556}") = "BitTorrentFileServer.Blazor", "CSharp\BitTorrentFileServer.Blazor\BitTorrentFileServer.Blazor.csproj", "{F2885D00-AE03-4558-BAB8-ABD312BDBBC2}"
EndProject
Project("{9A19103F-16F7-4668-BE54-9A1E7A4F7556}") = "BitTorrentFileServer.Razor-2.2", "CSharp\BitTorrentFileServer.Razor-2.2\BitTorrentFileServer.Razor-2.2.csproj", "{75A013FA-9063-4D19-A76C-B9ECD283E7E1}"
EndProject
Project("{6EC3EE1D-3C4E-46DD-8F32-0CC8E7565705}") = "BitTorrentFileServer.Client", "FSharp\BitTorrentFileServer.Client\BitTorrentFileServer.Client.fsproj", "{49D8CA4D-5F84-4BB2-9489-EEF317B9C6F1}"
EndProject
Project("{6EC3EE1D-3C4E-46DD-8F32-0CC8E7565705}") = "BitTorrentFileServer.Server", "FSharp\BitTorrentFileServer.Server\BitTorrentFileServer.Server.fsproj", "{1357F520-5DAC-44B4-BF77-3CA17E8649FF}"
EndProject
Project("{6EC3EE1D-3C4E-46DD-8F32-0CC8E7565705}") = "BitTorrentFileServer.FSShared", "Shared\BitTorrentFileServer.FSShared\BitTorrentFileServer.FSShared.fsproj", "{A805E582-B136-479C-BCCC-A52EF3749220}"
EndProject
Project("{9A19103F-16F7-4668-BE54-9A1E7A4F7556}") = "BitTorrentFileServer.Common.CSharp", "Shared\BitTorrentFileServer.Common.CSharp\BitTorrentFileServer.Common.CSharp.csproj", "{EFA05F96-F85A-4219-A94E-D2AFD49CBD84}"
EndProject
Project("{6EC3EE1D-3C4E-46DD-8F32-0CC8E7565705}") = "BitTorrentFileServer.Common.FSharp", "Shared\BitTorrentFileServer.Common.FSharp\BitTorrentFileServer.Common.FSharp.fsproj", "{BDEB61EF-2A7F-4230-97E4-392BD4ECFC7A}"
EndProject
Project("{9A19103F-16F7-4668-BE54-9A1E7A4F7556}") = "BitTorrentFileServer.Angular", "Web\BitTorrentFileServer.Angular\BitTorrentFileServer.Angular.csproj", "{79A94537-B8B9-488E-8155-58BB970D94F9}"
EndProject
Project("{9A19103F-16F7-4668-BE54-9A1E7A4F7556}") = "BitTorrentFileServer.Vue", "Web\BitTorrentFileServer.Vue\BitTorrentFileServer.Vue.csproj", "{B77E7873-A1C7-4188-AA66-6043ECEE7FA7}"
EndProject
Global
	GlobalSection(SolutionConfigurationPlatforms) = preSolution
		Debug|Any CPU = Debug|Any CPU
		Debug|x64 = Debug|x64
		Debug|x86 = Debug|x86
		Release|Any CPU = Release|Any CPU
		Release|x64 = Release|x64
		Release|x86 = Release|x86
	EndGlobalSection
	GlobalSection(ProjectConfigurationPlatforms) = postSolution
		{F2885D00-AE03-4558-BAB8-ABD312BDBBC2}.Debug|Any CPU.ActiveCfg = Debug|Any CPU
		{F2885D00-AE03-4558-BAB8-ABD312BDBBC2}.Debug|Any CPU.Build.0 = Debug|Any CPU
		{F2885D00-AE03-4558-BAB8-ABD312BDBBC2}.Debug|x64.ActiveCfg = Debug|Any CPU
		{F2885D00-AE03-4558-BAB8-ABD312BDBBC2}.Debug|x64.Build.0 = Debug|Any CPU
		{F2885D00-AE03-4558-BAB8-ABD312BDBBC2}.Debug|x86.ActiveCfg = Debug|Any CPU
		{F2885D00-AE03-4558-BAB8-ABD312BDBBC2}.Debug|x86.Build.0 = Debug|Any CPU
		{F2885D00-AE03-4558-BAB8-ABD312BDBBC2}.Release|Any CPU.ActiveCfg = Release|Any CPU
		{F2885D00-AE03-4558-BAB8-ABD312BDBBC2}.Release|Any CPU.Build.0 = Release|Any CPU
		{F2885D00-AE03-4558-BAB8-ABD312BDBBC2}.Release|x64.ActiveCfg = Release|Any CPU
		{F2885D00-AE03-4558-BAB8-ABD312BDBBC2}.Release|x64.Build.0 = Release|Any CPU
		{F2885D00-AE03-4558-BAB8-ABD312BDBBC2}.Release|x86.ActiveCfg = Release|Any CPU
		{F2885D00-AE03-4558-BAB8-ABD312BDBBC2}.Release|x86.Build.0 = Release|Any CPU
		{75A013FA-9063-4D19-A76C-B9ECD283E7E1}.Debug|Any CPU.ActiveCfg = Debug|Any CPU
		{75A013FA-9063-4D19-A76C-B9ECD283E7E1}.Debug|Any CPU.Build.0 = Debug|Any CPU
		{75A013FA-9063-4D19-A76C-B9ECD283E7E1}.Debug|x64.ActiveCfg = Debug|Any CPU
		{75A013FA-9063-4D19-A76C-B9ECD283E7E1}.Debug|x64.Build.0 = Debug|Any CPU
		{75A013FA-9063-4D19-A76C-B9ECD283E7E1}.Debug|x86.ActiveCfg = Debug|Any CPU
		{75A013FA-9063-4D19-A76C-B9ECD283E7E1}.Debug|x86.Build.0 = Debug|Any CPU
		{75A013FA-9063-4D19-A76C-B9ECD283E7E1}.Release|Any CPU.ActiveCfg = Release|Any CPU
		{75A013FA-9063-4D19-A76C-B9ECD283E7E1}.Release|Any CPU.Build.0 = Release|Any CPU
		{75A013FA-9063-4D19-A76C-B9ECD283E7E1}.Release|x64.ActiveCfg = Release|Any CPU
		{75A013FA-9063-4D19-A76C-B9ECD283E7E1}.Release|x64.Build.0 = Release|Any CPU
		{75A013FA-9063-4D19-A76C-B9ECD283E7E1}.Release|x86.ActiveCfg = Release|Any CPU
		{75A013FA-9063-4D19-A76C-B9ECD283E7E1}.Release|x86.Build.0 = Release|Any CPU
		{49D8CA4D-5F84-4BB2-9489-EEF317B9C6F1}.Debug|Any CPU.ActiveCfg = Debug|Any CPU
		{49D8CA4D-5F84-4BB2-9489-EEF317B9C6F1}.Debug|Any CPU.Build.0 = Debug|Any CPU
		{49D8CA4D-5F84-4BB2-9489-EEF317B9C6F1}.Debug|x64.ActiveCfg = Debug|Any CPU
		{49D8CA4D-5F84-4BB2-9489-EEF317B9C6F1}.Debug|x64.Build.0 = Debug|Any CPU
		{49D8CA4D-5F84-4BB2-9489-EEF317B9C6F1}.Debug|x86.ActiveCfg = Debug|Any CPU
		{49D8CA4D-5F84-4BB2-9489-EEF317B9C6F1}.Debug|x86.Build.0 = Debug|Any CPU
		{49D8CA4D-5F84-4BB2-9489-EEF317B9C6F1}.Release|Any CPU.ActiveCfg = Release|Any CPU
		{49D8CA4D-5F84-4BB2-9489-EEF317B9C6F1}.Release|Any CPU.Build.0 = Release|Any CPU
		{49D8CA4D-5F84-4BB2-9489-EEF317B9C6F1}.Release|x64.ActiveCfg = Release|Any CPU
		{49D8CA4D-5F84-4BB2-9489-EEF317B9C6F1}.Release|x64.Build.0 = Release|Any CPU
		{49D8CA4D-5F84-4BB2-9489-EEF317B9C6F1}.Release|x86.ActiveCfg = Release|Any CPU
		{49D8CA4D-5F84-4BB2-9489-EEF317B9C6F1}.Release|x86.Build.0 = Release|Any CPU
		{1357F520-5DAC-44B4-BF77-3CA17E8649FF}.Debug|Any CPU.ActiveCfg = Debug|Any CPU
		{1357F520-5DAC-44B4-BF77-3CA17E8649FF}.Debug|Any CPU.Build.0 = Debug|Any CPU
		{1357F520-5DAC-44B4-BF77-3CA17E8649FF}.Debug|x64.ActiveCfg = Debug|Any CPU
		{1357F520-5DAC-44B4-BF77-3CA17E8649FF}.Debug|x64.Build.0 = Debug|Any CPU
		{1357F520-5DAC-44B4-BF77-3CA17E8649FF}.Debug|x86.ActiveCfg = Debug|Any CPU
		{1357F520-5DAC-44B4-BF77-3CA17E8649FF}.Debug|x86.Build.0 = Debug|Any CPU
		{1357F520-5DAC-44B4-BF77-3CA17E8649FF}.Release|Any CPU.ActiveCfg = Release|Any CPU
		{1357F520-5DAC-44B4-BF77-3CA17E8649FF}.Release|Any CPU.Build.0 = Release|Any CPU
		{1357F520-5DAC-44B4-BF77-3CA17E8649FF}.Release|x64.ActiveCfg = Release|Any CPU
		{1357F520-5DAC-44B4-BF77-3CA17E8649FF}.Release|x64.Build.0 = Release|Any CPU
		{1357F520-5DAC-44B4-BF77-3CA17E8649FF}.Release|x86.ActiveCfg = Release|Any CPU
		{1357F520-5DAC-44B4-BF77-3CA17E8649FF}.Release|x86.Build.0 = Release|Any CPU
		{A805E582-B136-479C-BCCC-A52EF3749220}.Debug|Any CPU.ActiveCfg = Debug|Any CPU
		{A805E582-B136-479C-BCCC-A52EF3749220}.Debug|Any CPU.Build.0 = Debug|Any CPU
		{A805E582-B136-479C-BCCC-A52EF3749220}.Debug|x64.ActiveCfg = Debug|Any CPU
		{A805E582-B136-479C-BCCC-A52EF3749220}.Debug|x64.Build.0 = Debug|Any CPU
		{A805E582-B136-479C-BCCC-A52EF3749220}.Debug|x86.ActiveCfg = Debug|Any CPU
		{A805E582-B136-479C-BCCC-A52EF3749220}.Debug|x86.Build.0 = Debug|Any CPU
		{A805E582-B136-479C-BCCC-A52EF3749220}.Release|Any CPU.ActiveCfg = Release|Any CPU
		{A805E582-B136-479C-BCCC-A52EF3749220}.Release|Any CPU.Build.0 = Release|Any CPU
		{A805E582-B136-479C-BCCC-A52EF3749220}.Release|x64.ActiveCfg = Release|Any CPU
		{A805E582-B136-479C-BCCC-A52EF3749220}.Release|x64.Build.0 = Release|Any CPU
		{A805E582-B136-479C-BCCC-A52EF3749220}.Release|x86.ActiveCfg = Release|Any CPU
		{A805E582-B136-479C-BCCC-A52EF3749220}.Release|x86.Build.0 = Release|Any CPU
		{EFA05F96-F85A-4219-A94E-D2AFD49CBD84}.Debug|Any CPU.ActiveCfg = Debug|Any CPU
		{EFA05F96-F85A-4219-A94E-D2AFD49CBD84}.Debug|Any CPU.Build.0 = Debug|Any CPU
		{EFA05F96-F85A-4219-A94E-D2AFD49CBD84}.Debug|x64.ActiveCfg = Debug|Any CPU
		{EFA05F96-F85A-4219-A94E-D2AFD49CBD84}.Debug|x64.Build.0 = Debug|Any CPU
		{EFA05F96-F85A-4219-A94E-D2AFD49CBD84}.Debug|x86.ActiveCfg = Debug|Any CPU
		{EFA05F96-F85A-4219-A94E-D2AFD49CBD84}.Debug|x86.Build.0 = Debug|Any CPU
		{EFA05F96-F85A-4219-A94E-D2AFD49CBD84}.Release|Any CPU.ActiveCfg = Release|Any CPU
		{EFA05F96-F85A-4219-A94E-D2AFD49CBD84}.Release|Any CPU.Build.0 = Release|Any CPU
		{EFA05F96-F85A-4219-A94E-D2AFD49CBD84}.Release|x64.ActiveCfg = Release|Any CPU
		{EFA05F96-F85A-4219-A94E-D2AFD49CBD84}.Release|x64.Build.0 = Release|Any CPU
		{EFA05F96-F85A-4219-A94E-D2AFD49CBD84}.Release|x86.ActiveCfg = Release|Any CPU
		{EFA05F96-F85A-4219-A94E-D2AFD49CBD84}.Release|x86.Build.0 = Release|Any CPU
		{BDEB61EF-2A7F-4230-97E4-392BD4ECFC7A}.Debug|Any CPU.ActiveCfg = Debug|Any CPU
		{BDEB61EF-2A7F-4230-97E4-392BD4ECFC7A}.Debug|Any CPU.Build.0 = Debug|Any CPU
		{BDEB61EF-2A7F-4230-97E4-392BD4ECFC7A}.Debug|x64.ActiveCfg = Debug|Any CPU
		{BDEB61EF-2A7F-4230-97E4-392BD4ECFC7A}.Debug|x64.Build.0 = Debug|Any CPU
		{BDEB61EF-2A7F-4230-97E4-392BD4ECFC7A}.Debug|x86.ActiveCfg = Debug|Any CPU
		{BDEB61EF-2A7F-4230-97E4-392BD4ECFC7A}.Debug|x86.Build.0 = Debug|Any CPU
		{BDEB61EF-2A7F-4230-97E4-392BD4ECFC7A}.Release|Any CPU.ActiveCfg = Release|Any CPU
		{BDEB61EF-2A7F-4230-97E4-392BD4ECFC7A}.Release|Any CPU.Build.0 = Release|Any CPU
		{BDEB61EF-2A7F-4230-97E4-392BD4ECFC7A}.Release|x64.ActiveCfg = Release|Any CPU
		{BDEB61EF-2A7F-4230-97E4-392BD4ECFC7A}.Release|x64.Build.0 = Release|Any CPU
		{BDEB61EF-2A7F-4230-97E4-392BD4ECFC7A}.Release|x86.ActiveCfg = Release|Any CPU
		{BDEB61EF-2A7F-4230-97E4-392BD4ECFC7A}.Release|x86.Build.0 = Release|Any CPU
		{79A94537-B8B9-488E-8155-58BB970D94F9}.Debug|Any CPU.ActiveCfg = Debug|Any CPU
		{79A94537-B8B9-488E-8155-58BB970D94F9}.Debug|Any CPU.Build.0 = Debug|Any CPU
		{79A94537-B8B9-488E-8155-58BB970D94F9}.Debug|x64.ActiveCfg = Debug|Any CPU
		{79A94537-B8B9-488E-8155-58BB970D94F9}.Debug|x64.Build.0 = Debug|Any CPU
		{79A94537-B8B9-488E-8155-58BB970D94F9}.Debug|x86.ActiveCfg = Debug|Any CPU
		{79A94537-B8B9-488E-8155-58BB970D94F9}.Debug|x86.Build.0 = Debug|Any CPU
		{79A94537-B8B9-488E-8155-58BB970D94F9}.Release|Any CPU.ActiveCfg = Release|Any CPU
		{79A94537-B8B9-488E-8155-58BB970D94F9}.Release|Any CPU.Build.0 = Release|Any CPU
		{79A94537-B8B9-488E-8155-58BB970D94F9}.Release|x64.ActiveCfg = Release|Any CPU
		{79A94537-B8B9-488E-8155-58BB970D94F9}.Release|x64.Build.0 = Release|Any CPU
		{79A94537-B8B9-488E-8155-58BB970D94F9}.Release|x86.ActiveCfg = Release|Any CPU
		{79A94537-B8B9-488E-8155-58BB970D94F9}.Release|x86.Build.0 = Release|Any CPU
		{B77E7873-A1C7-4188-AA66-6043ECEE7FA7}.Debug|Any CPU.ActiveCfg = Debug|Any CPU
		{B77E7873-A1C7-4188-AA66-6043ECEE7FA7}.Debug|Any CPU.Build.0 = Debug|Any CPU
		{B77E7873-A1C7-4188-AA66-6043ECEE7FA7}.Debug|x64.ActiveCfg = Debug|Any CPU
		{B77E7873-A1C7-4188-AA66-6043ECEE7FA7}.Debug|x64.Build.0 = Debug|Any CPU
		{B77E7873-A1C7-4188-AA66-6043ECEE7FA7}.Debug|x86.ActiveCfg = Debug|Any CPU
		{B77E7873-A1C7-4188-AA66-6043ECEE7FA7}.Debug|x86.Build.0 = Debug|Any CPU
		{B77E7873-A1C7-4188-AA66-6043ECEE7FA7}.Release|Any CPU.ActiveCfg = Release|Any CPU
		{B77E7873-A1C7-4188-AA66-6043ECEE7FA7}.Release|Any CPU.Build.0 = Release|Any CPU
		{B77E7873-A1C7-4188-AA66-6043ECEE7FA7}.Release|x64.ActiveCfg = Release|Any CPU
		{B77E7873-A1C7-4188-AA66-6043ECEE7FA7}.Release|x64.Build.0 = Release|Any CPU
		{B77E7873-A1C7-4188-AA66-6043ECEE7FA7}.Release|x86.ActiveCfg = Release|Any CPU
		{B77E7873-A1C7-4188-AA66-6043ECEE7FA7}.Release|x86.Build.0 = Release|Any CPU
	EndGlobalSection
	GlobalSection(SolutionProperties) = preSolution
		HideSolutionNode = FALSE
	EndGlobalSection
	GlobalSection(NestedProjects) = preSolution
		{F2885D00-AE03-4558-BAB8-ABD312BDBBC2} = {BC920727-36BA-481C-AAC2-04D25E22CD91}
		{75A013FA-9063-4D19-A76C-B9ECD283E7E1} = {BC920727-36BA-481C-AAC2-04D25E22CD91}
		{49D8CA4D-5F84-4BB2-9489-EEF317B9C6F1} = {693DFD6A-E42C-4471-AF6C-E8FE4C2CE745}
		{1357F520-5DAC-44B4-BF77-3CA17E8649FF} = {693DFD6A-E42C-4471-AF6C-E8FE4C2CE745}
		{A805E582-B136-479C-BCCC-A52EF3749220} = {7C7D2D9A-B8C7-483E-83F1-20FD8656A63A}
		{EFA05F96-F85A-4219-A94E-D2AFD49CBD84} = {7C7D2D9A-B8C7-483E-83F1-20FD8656A63A}
		{BDEB61EF-2A7F-4230-97E4-392BD4ECFC7A} = {7C7D2D9A-B8C7-483E-83F1-20FD8656A63A}
		{79A94537-B8B9-488E-8155-58BB970D94F9} = {7FE6ACF9-D344-448B-ACD6-5A52F0B691E4}
		{B77E7873-A1C7-4188-AA66-6043ECEE7FA7} = {7FE6ACF9-D344-448B-ACD6-5A52F0B691E4}
	EndGlobalSection
	GlobalSection(ExtensibilityGlobals) = postSolution
		SolutionGuid = {B86D8C28-D5CA-4680-BC1E-15B05D35E336}
	EndGlobalSection
EndGlobal
